// !$*UTF8*$!
{
	archiveVersion = 1;
	classes = {
	};
	objectVersion = 50;
	objects = {

/* Begin PBXBuildFile section */
		B331779A2083E2290064525C /* AppDelegate.swift in Sources */ = {isa = PBXBuildFile; fileRef = B33177992083E2290064525C /* AppDelegate.swift */; };
		B331779F2083E2290064525C /* Main.storyboard in Resources */ = {isa = PBXBuildFile; fileRef = B331779D2083E2290064525C /* Main.storyboard */; };
		B33177A12083E22B0064525C /* Assets.xcassets in Resources */ = {isa = PBXBuildFile; fileRef = B33177A02083E22B0064525C /* Assets.xcassets */; };
		B33177A42083E22B0064525C /* LaunchScreen.storyboard in Resources */ = {isa = PBXBuildFile; fileRef = B33177A22083E22B0064525C /* LaunchScreen.storyboard */; };
		B33177AF2083E22B0064525C /* PlacesTests.swift in Sources */ = {isa = PBXBuildFile; fileRef = B33177AE2083E22B0064525C /* PlacesTests.swift */; };
		B33177D52083E8930064525C /* PlacesViewController.swift in Sources */ = {isa = PBXBuildFile; fileRef = B33177D42083E8930064525C /* PlacesViewController.swift */; };
		B33177D72083EEEA0064525C /* PlacesTableViewController.swift in Sources */ = {isa = PBXBuildFile; fileRef = B33177D62083EEEA0064525C /* PlacesTableViewController.swift */; };
		B33177D92083F77D0064525C /* PlacesTableViewCell.swift in Sources */ = {isa = PBXBuildFile; fileRef = B33177D82083F77D0064525C /* PlacesTableViewCell.swift */; };
		B33177DB2083F9F70064525C /* Place.swift in Sources */ = {isa = PBXBuildFile; fileRef = B33177DA2083F9F70064525C /* Place.swift */; };
		B335BF98208CED7A00841C5C /* DataStore.swift in Sources */ = {isa = PBXBuildFile; fileRef = B335BF97208CED7A00841C5C /* DataStore.swift */; };
/* End PBXBuildFile section */

/* Begin PBXContainerItemProxy section */
		B33177AB2083E22B0064525C /* PBXContainerItemProxy */ = {
			isa = PBXContainerItemProxy;
			containerPortal = B331778E2083E2290064525C /* Project object */;
			proxyType = 1;
			remoteGlobalIDString = B33177952083E2290064525C;
			remoteInfo = Places;
		};
/* End PBXContainerItemProxy section */

/* Begin PBXFileReference section */
		B33177962083E2290064525C /* Places.app */ = {isa = PBXFileReference; explicitFileType = wrapper.application; includeInIndex = 0; path = Places.app; sourceTree = BUILT_PRODUCTS_DIR; };
		B33177992083E2290064525C /* AppDelegate.swift */ = {isa = PBXFileReference; lastKnownFileType = sourcecode.swift; path = AppDelegate.swift; sourceTree = "<group>"; };
		B331779E2083E2290064525C /* Base */ = {isa = PBXFileReference; lastKnownFileType = file.storyboard; name = Base; path = Base.lproj/Main.storyboard; sourceTree = "<group>"; };
		B33177A02083E22B0064525C /* Assets.xcassets */ = {isa = PBXFileReference; lastKnownFileType = folder.assetcatalog; path = Assets.xcassets; sourceTree = "<group>"; };
		B33177A32083E22B0064525C /* Base */ = {isa = PBXFileReference; lastKnownFileType = file.storyboard; name = Base; path = Base.lproj/LaunchScreen.storyboard; sourceTree = "<group>"; };
		B33177A52083E22B0064525C /* Info.plist */ = {isa = PBXFileReference; lastKnownFileType = text.plist.xml; path = Info.plist; sourceTree = "<group>"; };
		B33177AA2083E22B0064525C /* PlacesTests.xctest */ = {isa = PBXFileReference; explicitFileType = wrapper.cfbundle; includeInIndex = 0; path = PlacesTests.xctest; sourceTree = BUILT_PRODUCTS_DIR; };
		B33177AE2083E22B0064525C /* PlacesTests.swift */ = {isa = PBXFileReference; lastKnownFileType = sourcecode.swift; path = PlacesTests.swift; sourceTree = "<group>"; };
		B33177B02083E22B0064525C /* Info.plist */ = {isa = PBXFileReference; lastKnownFileType = text.plist.xml; path = Info.plist; sourceTree = "<group>"; };
		B33177D42083E8930064525C /* PlacesViewController.swift */ = {isa = PBXFileReference; lastKnownFileType = sourcecode.swift; path = PlacesViewController.swift; sourceTree = "<group>"; };
		B33177D62083EEEA0064525C /* PlacesTableViewController.swift */ = {isa = PBXFileReference; lastKnownFileType = sourcecode.swift; path = PlacesTableViewController.swift; sourceTree = "<group>"; };
		B33177D82083F77D0064525C /* PlacesTableViewCell.swift */ = {isa = PBXFileReference; lastKnownFileType = sourcecode.swift; path = PlacesTableViewCell.swift; sourceTree = "<group>"; };
		B33177DA2083F9F70064525C /* Place.swift */ = {isa = PBXFileReference; lastKnownFileType = sourcecode.swift; path = Place.swift; sourceTree = "<group>"; };
		B335BF97208CED7A00841C5C /* DataStore.swift */ = {isa = PBXFileReference; lastKnownFileType = sourcecode.swift; path = DataStore.swift; sourceTree = "<group>"; };
/* End PBXFileReference section */

/* Begin PBXFrameworksBuildPhase section */
		B33177932083E2290064525C /* Frameworks */ = {
			isa = PBXFrameworksBuildPhase;
			buildActionMask = 2147483647;
			files = (
			);
			runOnlyForDeploymentPostprocessing = 0;
		};
		B33177A72083E22B0064525C /* Frameworks */ = {
			isa = PBXFrameworksBuildPhase;
			buildActionMask = 2147483647;
			files = (
			);
			runOnlyForDeploymentPostprocessing = 0;
		};
/* End PBXFrameworksBuildPhase section */

/* Begin PBXGroup section */
		B331778D2083E2290064525C = {
			isa = PBXGroup;
			children = (
				B33177982083E2290064525C /* Places */,
				B33177AD2083E22B0064525C /* PlacesTests */,
				B33177972083E2290064525C /* Products */,
			);
			sourceTree = "<group>";
		};
		B33177972083E2290064525C /* Products */ = {
			isa = PBXGroup;
			children = (
				B33177962083E2290064525C /* Places.app */,
				B33177AA2083E22B0064525C /* PlacesTests.xctest */,
			);
			name = Products;
			sourceTree = "<group>";
		};
		B33177982083E2290064525C /* Places */ = {
			isa = PBXGroup;
			children = (
				B33177992083E2290064525C /* AppDelegate.swift */,
				B33177D42083E8930064525C /* PlacesViewController.swift */,
				B33177D62083EEEA0064525C /* PlacesTableViewController.swift */,
				B33177D82083F77D0064525C /* PlacesTableViewCell.swift */,
				B33177DA2083F9F70064525C /* Place.swift */,
				B335BF97208CED7A00841C5C /* DataStore.swift */,
				B331779D2083E2290064525C /* Main.storyboard */,
				B33177A02083E22B0064525C /* Assets.xcassets */,
				B33177A22083E22B0064525C /* LaunchScreen.storyboard */,
				B33177A52083E22B0064525C /* Info.plist */,
			);
			path = Places;
			sourceTree = "<group>";
		};
		B33177AD2083E22B0064525C /* PlacesTests */ = {
			isa = PBXGroup;
			children = (
				B33177AE2083E22B0064525C /* PlacesTests.swift */,
				B33177B02083E22B0064525C /* Info.plist */,
			);
			path = PlacesTests;
			sourceTree = "<group>";
		};
/* End PBXGroup section */

/* Begin PBXNativeTarget section */
		B33177952083E2290064525C /* Places */ = {
			isa = PBXNativeTarget;
			buildConfigurationList = B33177B32083E22B0064525C /* Build configuration list for PBXNativeTarget "Places" */;
			buildPhases = (
				B33177922083E2290064525C /* Sources */,
				B33177932083E2290064525C /* Frameworks */,
				B33177942083E2290064525C /* Resources */,
			);
			buildRules = (
			);
			dependencies = (
			);
			name = Places;
			productName = Places;
			productReference = B33177962083E2290064525C /* Places.app */;
			productType = "com.apple.product-type.application";
		};
		B33177A92083E22B0064525C /* PlacesTests */ = {
			isa = PBXNativeTarget;
			buildConfigurationList = B33177B62083E22B0064525C /* Build configuration list for PBXNativeTarget "PlacesTests" */;
			buildPhases = (
				B33177A62083E22B0064525C /* Sources */,
				B33177A72083E22B0064525C /* Frameworks */,
				B33177A82083E22B0064525C /* Resources */,
			);
			buildRules = (
			);
			dependencies = (
				B33177AC2083E22B0064525C /* PBXTargetDependency */,
			);
			name = PlacesTests;
			productName = PlacesTests;
			productReference = B33177AA2083E22B0064525C /* PlacesTests.xctest */;
			productType = "com.apple.product-type.bundle.unit-test";
		};
/* End PBXNativeTarget section */

/* Begin PBXProject section */
		B331778E2083E2290064525C /* Project object */ = {
			isa = PBXProject;
			attributes = {
				LastSwiftUpdateCheck = 0930;
				LastUpgradeCheck = 0930;
				ORGANIZATIONNAME = "Crislei Terassi Sorrilha";
				TargetAttributes = {
					B33177952083E2290064525C = {
						CreatedOnToolsVersion = 9.3;
					};
					B33177A92083E22B0064525C = {
						CreatedOnToolsVersion = 9.3;
						TestTargetID = B33177952083E2290064525C;
					};
				};
			};
			buildConfigurationList = B33177912083E2290064525C /* Build configuration list for PBXProject "Places" */;
			compatibilityVersion = "Xcode 9.3";
			developmentRegion = en;
			hasScannedForEncodings = 0;
			knownRegions = (
				en,
				Base,
			);
			mainGroup = B331778D2083E2290064525C;
			productRefGroup = B33177972083E2290064525C /* Products */;
			projectDirPath = "";
			projectRoot = "";
			targets = (
				B33177952083E2290064525C /* Places */,
				B33177A92083E22B0064525C /* PlacesTests */,
			);
		};
/* End PBXProject section */

/* Begin PBXResourcesBuildPhase section */
		B33177942083E2290064525C /* Resources */ = {
			isa = PBXResourcesBuildPhase;
			buildActionMask = 2147483647;
			files = (
				B33177A42083E22B0064525C /* LaunchScreen.storyboard in Resources */,
				B33177A12083E22B0064525C /* Assets.xcassets in Resources */,
				B331779F2083E2290064525C /* Main.storyboard in Resources */,
			);
			runOnlyForDeploymentPostprocessing = 0;
		};
		B33177A82083E22B0064525C /* Resources */ = {
			isa = PBXResourcesBuildPhase;
			buildActionMask = 2147483647;
			files = (
			);
			runOnlyForDeploymentPostprocessing = 0;
		};
/* End PBXResourcesBuildPhase section */

/* Begin PBXSourcesBuildPhase section */
		B33177922083E2290064525C /* Sources */ = {
			isa = PBXSourcesBuildPhase;
			buildActionMask = 2147483647;
			files = (
				B33177D92083F77D0064525C /* PlacesTableViewCell.swift in Sources */,
				B335BF98208CED7A00841C5C /* DataStore.swift in Sources */,
				B33177D52083E8930064525C /* PlacesViewController.swift in Sources */,
				B33177D72083EEEA0064525C /* PlacesTableViewController.swift in Sources */,
				B33177DB2083F9F70064525C /* Place.swift in Sources */,
				B331779A2083E2290064525C /* AppDelegate.swift in Sources */,
			);
			runOnlyForDeploymentPostprocessing = 0;
		};
		B33177A62083E22B0064525C /* Sources */ = {
			isa = PBXSourcesBuildPhase;
			buildActionMask = 2147483647;
			files = (
				B33177AF2083E22B0064525C /* PlacesTests.swift in Sources */,
			);
			runOnlyForDeploymentPostprocessing = 0;
		};
/* End PBXSourcesBuildPhase section */

/* Begin PBXTargetDependency section */
		B33177AC2083E22B0064525C /* PBXTargetDependency */ = {
			isa = PBXTargetDependency;
			target = B33177952083E2290064525C /* Places */;
			targetProxy = B33177AB2083E22B0064525C /* PBXContainerItemProxy */;
		};
/* End PBXTargetDependency section */

/* Begin PBXVariantGroup section */
		B331779D2083E2290064525C /* Main.storyboard */ = {
			isa = PBXVariantGroup;
			children = (
				B331779E2083E2290064525C /* Base */,
			);
			name = Main.storyboard;
			sourceTree = "<group>";
		};
		B33177A22083E22B0064525C /* LaunchScreen.storyboard */ = {
			isa = PBXVariantGroup;
			children = (
				B33177A32083E22B0064525C /* Base */,
			);
			name = LaunchScreen.storyboard;
			sourceTree = "<group>";
		};
/* End PBXVariantGroup section */

/* Begin XCBuildConfiguration section */
		B33177B12083E22B0064525C /* Debug */ = {
			isa = XCBuildConfiguration;
			buildSettings = {
				ALWAYS_SEARCH_USER_PATHS = NO;
				CLANG_ANALYZER_NONNULL = YES;
				CLANG_ANALYZER_NUMBER_OBJECT_CONVERSION = YES_AGGRESSIVE;
				CLANG_CXX_LANGUAGE_STANDARD = "gnu++14";
				CLANG_CXX_LIBRARY = "libc++";
				CLANG_ENABLE_MODULES = YES;
				CLANG_ENABLE_OBJC_ARC = YES;
				CLANG_ENABLE_OBJC_WEAK = YES;
				CLANG_WARN_BLOCK_CAPTURE_AUTORELEASING = YES;
				CLANG_WARN_BOOL_CONVERSION = YES;
				CLANG_WARN_COMMA = YES;
				CLANG_WARN_CONSTANT_CONVERSION = YES;
				CLANG_WARN_DEPRECATED_OBJC_IMPLEMENTATIONS = YES;
				CLANG_WARN_DIRECT_OBJC_ISA_USAGE = YES_ERROR;
				CLANG_WARN_DOCUMENTATION_COMMENTS = YES;
				CLANG_WARN_EMPTY_BODY = YES;
				CLANG_WARN_ENUM_CONVERSION = YES;
				CLANG_WARN_INFINITE_RECURSION = YES;
				CLANG_WARN_INT_CONVERSION = YES;
				CLANG_WARN_NON_LITERAL_NULL_CONVERSION = YES;
				CLANG_WARN_OBJC_IMPLICIT_RETAIN_SELF = YES;
				CLANG_WARN_OBJC_LITERAL_CONVERSION = YES;
				CLANG_WARN_OBJC_ROOT_CLASS = YES_ERROR;
				CLANG_WARN_RANGE_LOOP_ANALYSIS = YES;
				CLANG_WARN_STRICT_PROTOTYPES = YES;
				CLANG_WARN_SUSPICIOUS_MOVE = YES;
				CLANG_WARN_UNGUARDED_AVAILABILITY = YES_AGGRESSIVE;
				CLANG_WARN_UNREACHABLE_CODE = YES;
				CLANG_WARN__DUPLICATE_METHOD_MATCH = YES;
				CODE_SIGN_IDENTITY = "iPhone Developer";
				COPY_PHASE_STRIP = NO;
				DEBUG_INFORMATION_FORMAT = dwarf;
				ENABLE_STRICT_OBJC_MSGSEND = YES;
				ENABLE_TESTABILITY = YES;
				GCC_C_LANGUAGE_STANDARD = gnu11;
				GCC_DYNAMIC_NO_PIC = NO;
				GCC_NO_COMMON_BLOCKS = YES;
				GCC_OPTIMIZATION_LEVEL = 0;
				GCC_PREPROCESSOR_DEFINITIONS = (
					"DEBUG=1",
					"$(inherited)",
				);
				GCC_WARN_64_TO_32_BIT_CONVERSION = YES;
				GCC_WARN_ABOUT_RETURN_TYPE = YES_ERROR;
				GCC_WARN_UNDECLARED_SELECTOR = YES;
				GCC_WARN_UNINITIALIZED_AUTOS = YES_AGGRESSIVE;
				GCC_WARN_UNUSED_FUNCTION = YES;
				GCC_WARN_UNUSED_VARIABLE = YES;
				IPHONEOS_DEPLOYMENT_TARGET = 11.3;
				MTL_ENABLE_DEBUG_INFO = YES;
				ONLY_ACTIVE_ARCH = YES;
				SDKROOT = iphoneos;
				SWIFT_ACTIVE_COMPILATION_CONDITIONS = DEBUG;
				SWIFT_OPTIMIZATION_LEVEL = "-Onone";
			};
			name = Debug;
		};
		B33177B22083E22B0064525C /* Release */ = {
			isa = XCBuildConfiguration;
			buildSettings = {
				ALWAYS_SEARCH_USER_PATHS = NO;
				CLANG_ANALYZER_NONNULL = YES;
				CLANG_ANALYZER_NUMBER_OBJECT_CONVERSION = YES_AGGRESSIVE;
				CLANG_CXX_LANGUAGE_STANDARD = "gnu++14";
				CLANG_CXX_LIBRARY = "libc++";
				CLANG_ENABLE_MODULES = YES;
				CLANG_ENABLE_OBJC_ARC = YES;
				CLANG_ENABLE_OBJC_WEAK = YES;
				CLANG_WARN_BLOCK_CAPTURE_AUTORELEASING = YES;
				CLANG_WARN_BOOL_CONVERSION = YES;
				CLANG_WARN_COMMA = YES;
				CLANG_WARN_CONSTANT_CONVERSION = YES;
				CLANG_WARN_DEPRECATED_OBJC_IMPLEMENTATIONS = YES;
				CLANG_WARN_DIRECT_OBJC_ISA_USAGE = YES_ERROR;
				CLANG_WARN_DOCUMENTATION_COMMENTS = YES;
				CLANG_WARN_EMPTY_BODY = YES;
				CLANG_WARN_ENUM_CONVERSION = YES;
				CLANG_WARN_INFINITE_RECURSION = YES;
				CLANG_WARN_INT_CONVERSION = YES;
				CLANG_WARN_NON_LITERAL_NULL_CONVERSION = YES;
				CLANG_WARN_OBJC_IMPLICIT_RETAIN_SELF = YES;
				CLANG_WARN_OBJC_LITERAL_CONVERSION = YES;
				CLANG_WARN_OBJC_ROOT_CLASS = YES_ERROR;
				CLANG_WARN_RANGE_LOOP_ANALYSIS = YES;
				CLANG_WARN_STRICT_PROTOTYPES = YES;
				CLANG_WARN_SUSPICIOUS_MOVE = YES;
				CLANG_WARN_UNGUARDED_AVAILABILITY = YES_AGGRESSIVE;
				CLANG_WARN_UNREACHABLE_CODE = YES;
				CLANG_WARN__DUPLICATE_METHOD_MATCH = YES;
				CODE_SIGN_IDENTITY = "iPhone Developer";
				COPY_PHASE_STRIP = NO;
				DEBUG_INFORMATION_FORMAT = "dwarf-with-dsym";
				ENABLE_NS_ASSERTIONS = NO;
				ENABLE_STRICT_OBJC_MSGSEND = YES;
				GCC_C_LANGUAGE_STANDARD = gnu11;
				GCC_NO_COMMON_BLOCKS = YES;
				GCC_WARN_64_TO_32_BIT_CONVERSION = YES;
				GCC_WARN_ABOUT_RETURN_TYPE = YES_ERROR;
				GCC_WARN_UNDECLARED_SELECTOR = YES;
				GCC_WARN_UNINITIALIZED_AUTOS = YES_AGGRESSIVE;
				GCC_WARN_UNUSED_FUNCTION = YES;
				GCC_WARN_UNUSED_VARIABLE = YES;
				IPHONEOS_DEPLOYMENT_TARGET = 11.3;
				MTL_ENABLE_DEBUG_INFO = NO;
				SDKROOT = iphoneos;
				SWIFT_COMPILATION_MODE = wholemodule;
				SWIFT_OPTIMIZATION_LEVEL = "-O";
				VALIDATE_PRODUCT = YES;
			};
			name = Release;
		};
		B33177B42083E22B0064525C /* Debug */ = {
			isa = XCBuildConfiguration;
			buildSettings = {
				ASSETCATALOG_COMPILER_APPICON_NAME = AppIcon;
				CODE_SIGN_STYLE = Automatic;
				INFOPLIST_FILE = Places/Info.plist;
				LD_RUNPATH_SEARCH_PATHS = (
					"$(inherited)",
					"@executable_path/Frameworks",
				);
				PRODUCT_BUNDLE_IDENTIFIER = com.crislei.Places;
				PRODUCT_NAME = "$(TARGET_NAME)";
				SWIFT_VERSION = 4.0;
				TARGETED_DEVICE_FAMILY = "1,2";
			};
			name = Debug;
		};
		B33177B52083E22B0064525C /* Release */ = {
			isa = XCBuildConfiguration;
			buildSettings = {
				ASSETCATALOG_COMPILER_APPICON_NAME = AppIcon;
				CODE_SIGN_STYLE = Automatic;
				INFOPLIST_FILE = Places/Info.plist;
				LD_RUNPATH_SEARCH_PATHS = (
					"$(inherited)",
					"@executable_path/Frameworks",
				);
				PRODUCT_BUNDLE_IDENTIFIER = com.crislei.Places;
				PRODUCT_NAME = "$(TARGET_NAME)";
				SWIFT_VERSION = 4.0;
				TARGETED_DEVICE_FAMILY = "1,2";
			};
			name = Release;
		};
		B33177B72083E22B0064525C /* Debug */ = {
			isa = XCBuildConfiguration;
			buildSettings = {
				ALWAYS_EMBED_SWIFT_STANDARD_LIBRARIES = YES;
				BUNDLE_LOADER = "$(TEST_HOST)";
				CODE_SIGN_STYLE = Automatic;
				INFOPLIST_FILE = PlacesTests/Info.plist;
				LD_RUNPATH_SEARCH_PATHS = (
					"$(inherited)",
					"@executable_path/Frameworks",
					"@loader_path/Frameworks",
				);
				PRODUCT_BUNDLE_IDENTIFIER = com.crislei.PlacesTests;
				PRODUCT_NAME = "$(TARGET_NAME)";
				SWIFT_VERSION = 4.0;
				TARGETED_DEVICE_FAMILY = "1,2";
				TEST_HOST = "$(BUILT_PRODUCTS_DIR)/Places.app/Places";
			};
			name = Debug;
		};
		B33177B82083E22B0064525C /* Release */ = {
			isa = XCBuildConfiguration;
			buildSettings = {
				ALWAYS_EMBED_SWIFT_STANDARD_LIBRARIES = YES;
				BUNDLE_LOADER = "$(TEST_HOST)";
				CODE_SIGN_STYLE = Automatic;
				INFOPLIST_FILE = PlacesTests/Info.plist;
				LD_RUNPATH_SEARCH_PATHS = (
					"$(inherited)",
					"@executable_path/Frameworks",
					"@loader_path/Frameworks",
				);
				PRODUCT_BUNDLE_IDENTIFIER = com.crislei.PlacesTests;
				PRODUCT_NAME = "$(TARGET_NAME)";
				SWIFT_VERSION = 4.0;
				TARGETED_DEVICE_FAMILY = "1,2";
				TEST_HOST = "$(BUILT_PRODUCTS_DIR)/Places.app/Places";
			};
			name = Release;
		};
/* End XCBuildConfiguration section */

/* Begin XCConfigurationList section */
		B33177912083E2290064525C /* Build configuration list for PBXProject "Places" */ = {
			isa = XCConfigurationList;
			buildConfigurations = (
				B33177B12083E22B0064525C /* Debug */,
				B33177B22083E22B0064525C /* Release */,
			);
			defaultConfigurationIsVisible = 0;
			defaultConfigurationName = Release;
		};
		B33177B32083E22B0064525C /* Build configuration list for PBXNativeTarget "Places" */ = {
			isa = XCConfigurationList;
			buildConfigurations = (
				B33177B42083E22B0064525C /* Debug */,
				B33177B52083E22B0064525C /* Release */,
			);
			defaultConfigurationIsVisible = 0;
			defaultConfigurationName = Release;
		};
		B33177B62083E22B0064525C /* Build configuration list for PBXNativeTarget "PlacesTests" */ = {
			isa = XCConfigurationList;
			buildConfigurations = (
				B33177B72083E22B0064525C /* Debug */,
				B33177B82083E22B0064525C /* Release */,
			);
			defaultConfigurationIsVisible = 0;
			defaultConfigurationName = Release;
		};
/* End XCConfigurationList section */
	};
	rootObject = B331778E2083E2290064525C /* Project object */;
}
